PODS:
  - AdColony (3.3.8.1)
  - AppLovinSDK (6.8.1)
  - FluctSDK (5.10.2)
  - FluctSDK-MediationAdapter (5.10.2):
    - FluctSDK-MediationAdapter/AdColony (= 5.10.2)
    - FluctSDK-MediationAdapter/AdCorsa (= 5.10.2)
    - FluctSDK-MediationAdapter/AppLovin (= 5.10.2)
    - FluctSDK-MediationAdapter/maio (= 5.10.2)
    - FluctSDK-MediationAdapter/Mintegral (= 5.10.2)
    - FluctSDK-MediationAdapter/nend (= 5.10.2)
    - FluctSDK-MediationAdapter/Tapjoy (= 5.10.2)
    - FluctSDK-MediationAdapter/UnityAds (= 5.10.2)
  - FluctSDK-MediationAdapter/AdColony (5.10.2):
    - AdColony
    - FluctSDK
  - FluctSDK-MediationAdapter/AdCorsa (5.10.2):
    - FluctSDK
    - GlossomAds
  - FluctSDK-MediationAdapter/AppLovin (5.10.2):
    - AppLovinSDK
    - FluctSDK
  - FluctSDK-MediationAdapter/maio (5.10.2):
    - FluctSDK
    - MaioSDK
  - FluctSDK-MediationAdapter/Mintegral (5.10.2):
    - FluctSDK
  - FluctSDK-MediationAdapter/nend (5.10.2):
    - FluctSDK
    - NendSDK_iOS
  - FluctSDK-MediationAdapter/Tapjoy (5.10.2):
    - FluctSDK
    - TapjoySDK
  - FluctSDK-MediationAdapter/UnityAds (5.10.2):
    - FluctSDK
    - UnityAds
  - GlossomAds (2.0.0)
  - Google-Mobile-Ads-SDK (7.49.0):
    - GoogleAppMeasurement (~> 6.0)
  - GoogleAppMeasurement (6.1.1):
    - GoogleUtilities/AppDelegateSwizzler (~> 6.0)
    - GoogleUtilities/MethodSwizzler (~> 6.0)
    - GoogleUtilities/Network (~> 6.0)
    - "GoogleUtilities/NSData+zlib (~> 6.0)"
    - nanopb (~> 0.3)
  - GoogleMobileAdsMediationFluct (5.10.2):
    - FluctSDK (>= 5.4.0)
    - Google-Mobile-Ads-SDK (>= 7.42.2)
  - GoogleUtilities/AppDelegateSwizzler (6.2.5):
    - GoogleUtilities/Environment
    - GoogleUtilities/Logger
    - GoogleUtilities/Network
  - GoogleUtilities/Environment (6.2.5)
  - GoogleUtilities/Logger (6.2.5):
    - GoogleUtilities/Environment
  - GoogleUtilities/MethodSwizzler (6.2.5):
    - GoogleUtilities/Logger
  - GoogleUtilities/Network (6.2.5):
    - GoogleUtilities/Logger
    - "GoogleUtilities/NSData+zlib"
    - GoogleUtilities/Reachability
  - "GoogleUtilities/NSData+zlib (6.2.5)"
  - GoogleUtilities/Reachability (6.2.5):
    - GoogleUtilities/Logger
  - MaioSDK (1.4.7)
  - nanopb (0.3.901):
    - nanopb/decode (= 0.3.901)
    - nanopb/encode (= 0.3.901)
  - nanopb/decode (0.3.901)
  - nanopb/encode (0.3.901)
  - NendSDK_iOS (5.2.0)
  - TapjoySDK (12.3.1)
  - UnityAds (3.2.0)

DEPENDENCIES:
  - FluctSDK
  - FluctSDK-MediationAdapter
  - Google-Mobile-Ads-SDK
  - GoogleMobileAdsMediationFluct

SPEC REPOS:
  https://github.com/cocoapods/specs.git:
    - AdColony
    - AppLovinSDK
    - FluctSDK
    - FluctSDK-MediationAdapter
    - GlossomAds
    - Google-Mobile-Ads-SDK
    - GoogleAppMeasurement
    - GoogleMobileAdsMediationFluct
    - GoogleUtilities
    - MaioSDK
    - nanopb
    - NendSDK_iOS
    - TapjoySDK
    - UnityAds

SPEC CHECKSUMS:
  AdColony: 21c9cdcc780854d406e213cb1e5ef9f2b165cca3
  AppLovinSDK: 2b1120bf7fcf4719f7f76f63ff7ebd83931be854
  FluctSDK: ce5684a0f8085c5f5762f28403051e205664f50b
  FluctSDK-MediationAdapter: a9ea8e66a97e3ee97feadf47c5c66ed4a499fca3
  GlossomAds: 0bd35eccb23cfacbe1577e24c03e90e1ab1a975c
  Google-Mobile-Ads-SDK: df315e371b29cf935f7ea872e7bdec39462a100e
  GoogleAppMeasurement: 86a82f0e1f20b8eedf8e20326530138fd71409de
  GoogleMobileAdsMediationFluct: 9d60b562c889985d080dad48df52889c569d48fa
  GoogleUtilities: e7dc37039b19df7fe543479d3e4a02ac8d11bb69
  MaioSDK: 6ad318ee8198b1e4399812791e09f8e317493f39
  nanopb: 2901f78ea1b7b4015c860c2fdd1ea2fee1a18d48
  NendSDK_iOS: f795bb4e64dddfd254e11b9346921abe388fc061
  TapjoySDK: 753e103874719a63dd37c479bd8046db3c274cd6
  UnityAds: 2bc7ff1fd9d659745f0920df6084ba5bf9548bc8

PODFILE CHECKSUM: 2220e561a1e3d20e834381e4fde0943e9362aa6b

COCOAPODS: 1.7.5
